
Microsoft Visual Studio Solution File, Format Version 12.00
# Visual Studio 15
VisualStudioVersion = 15.0.28307.572
MinimumVisualStudioVersion = 10.0.40219.1
Project("{8BC9CEB8-8B4A-11D0-8D11-00A0C91BC942}") = "三角形绘制", "三角形绘制\三角形绘制.vcxproj", "{5886C829-5852-400D-96D4-78BEB60DCDD3}"
EndProject
Global
	GlobalSection(SolutionConfigurationPlatforms) = preSolution
		Debug|x64 = Debug|x64
		Debug|x86 = Debug|x86
		Release|x64 = Release|x64
		Release|x86 = Release|x86
	EndGlobalSection
	GlobalSection(ProjectConfigurationPlatforms) = postSolution
		{5886C829-5852-400D-96D4-78BEB60DCDD3}.Debug|x64.ActiveCfg = Debug|x64
		{5886C829-5852-400D-96D4-78BEB60DCDD3}.Debug|x64.Build.0 = Debug|x64
		{5886C829-5852-400D-96D4-78BEB60DCDD3}.Debug|x86.ActiveCfg = Debug|Win32
		{5886C829-5852-400D-96D4-78BEB60DCDD3}.Debug|x86.Build.0 = Debug|Win32
		{5886C829-5852-400D-96D4-78BEB60DCDD3}.Release|x64.ActiveCfg = Release|x64
		{5886C829-5852-400D-96D4-78BEB60DCDD3}.Release|x64.Build.0 = Release|x64
		{5886C829-5852-400D-96D4-78BEB60DCDD3}.Release|x86.ActiveCfg = Release|Win32
		{5886C829-5852-400D-96D4-78BEB60DCDD3}.Release|x86.Build.0 = Release|Win32
	EndGlobalSection
	GlobalSection(SolutionProperties) = preSolution
		HideSolutionNode = FALSE
	EndGlobalSection
	GlobalSection(ExtensibilityGlobals) = postSolution
		SolutionGuid = {0B389054-FC42-4AE5-97D2-BE378B73C231}
	EndGlobalSection
EndGlobal
